// !$*UTF8*$!
{
	archiveVersion = 1;
	classes = {
	};
	objectVersion = 50;
	objects = {

/* Begin PBXBuildFile section */
		490E1EA621637C9D006BA702 /* AppDelegate.swift in Sources */ = {isa = PBXBuildFile; fileRef = 490E1EA521637C9D006BA702 /* AppDelegate.swift */; };
		490E1EA821637C9D006BA702 /* ViewController.swift in Sources */ = {isa = PBXBuildFile; fileRef = 490E1EA721637C9D006BA702 /* ViewController.swift */; };
		490E1EAA21637C9E006BA702 /* Assets.xcassets in Resources */ = {isa = PBXBuildFile; fileRef = 490E1EA921637C9E006BA702 /* Assets.xcassets */; };
		490E1EAD21637C9E006BA702 /* Main.storyboard in Resources */ = {isa = PBXBuildFile; fileRef = 490E1EAB21637C9E006BA702 /* Main.storyboard */; };
		490E1EB921637C9E006BA702 /* alkotobiTests.swift in Sources */ = {isa = PBXBuildFile; fileRef = 490E1EB821637C9E006BA702 /* alkotobiTests.swift */; };
		490E1EC421637C9E006BA702 /* alkotobiUITests.swift in Sources */ = {isa = PBXBuildFile; fileRef = 490E1EC321637C9E006BA702 /* alkotobiUITests.swift */; };
		490E1EF721637CC0006BA702 /* MNKalima.swift in Sources */ = {isa = PBXBuildFile; fileRef = 490E1ED121637CBF006BA702 /* MNKalima.swift */; };
		490E1EF821637CC0006BA702 /* SQLite-Bridging.m in Sources */ = {isa = PBXBuildFile; fileRef = 490E1ED521637CBF006BA702 /* SQLite-Bridging.m */; };
		490E1EF921637CC0006BA702 /* MNDatabase.swift in Sources */ = {isa = PBXBuildFile; fileRef = 490E1ED721637CBF006BA702 /* MNDatabase.swift */; };
		490E1EFA21637CC0006BA702 /* Connection.swift in Sources */ = {isa = PBXBuildFile; fileRef = 490E1EDA21637CBF006BA702 /* Connection.swift */; };
		490E1EFB21637CC0006BA702 /* Blob.swift in Sources */ = {isa = PBXBuildFile; fileRef = 490E1EDB21637CBF006BA702 /* Blob.swift */; };
		490E1EFC21637CC0006BA702 /* Errors.swift in Sources */ = {isa = PBXBuildFile; fileRef = 490E1EDC21637CBF006BA702 /* Errors.swift */; };
		490E1EFD21637CC0006BA702 /* Statement.swift in Sources */ = {isa = PBXBuildFile; fileRef = 490E1EDD21637CBF006BA702 /* Statement.swift */; };
		490E1EFE21637CC0006BA702 /* Value.swift in Sources */ = {isa = PBXBuildFile; fileRef = 490E1EDE21637CBF006BA702 /* Value.swift */; };
		490E1EFF21637CC0006BA702 /* Helpers.swift in Sources */ = {isa = PBXBuildFile; fileRef = 490E1EDF21637CBF006BA702 /* Helpers.swift */; };
		490E1F0021637CC0006BA702 /* Cipher.swift in Sources */ = {isa = PBXBuildFile; fileRef = 490E1EE121637CBF006BA702 /* Cipher.swift */; };
		490E1F0121637CC0006BA702 /* RTree.swift in Sources */ = {isa = PBXBuildFile; fileRef = 490E1EE221637CBF006BA702 /* RTree.swift */; };
		490E1F0221637CC0006BA702 /* FTS4.swift in Sources */ = {isa = PBXBuildFile; fileRef = 490E1EE321637CBF006BA702 /* FTS4.swift */; };
		490E1F0321637CC0006BA702 /* FTS5.swift in Sources */ = {isa = PBXBuildFile; fileRef = 490E1EE421637CBF006BA702 /* FTS5.swift */; };
		490E1F0421637CC0006BA702 /* Foundation.swift in Sources */ = {isa = PBXBuildFile; fileRef = 490E1EE521637CBF006BA702 /* Foundation.swift */; };
		490E1F0521637CC0006BA702 /* Query.swift in Sources */ = {isa = PBXBuildFile; fileRef = 490E1EE821637CBF006BA702 /* Query.swift */; };
		490E1F0621637CC0006BA702 /* Coding.swift in Sources */ = {isa = PBXBuildFile; fileRef = 490E1EE921637CBF006BA702 /* Coding.swift */; };
		490E1F0721637CC0006BA702 /* Expression.swift in Sources */ = {isa = PBXBuildFile; fileRef = 490E1EEA21637CBF006BA702 /* Expression.swift */; };
		490E1F0821637CC0006BA702 /* CoreFunctions.swift in Sources */ = {isa = PBXBuildFile; fileRef = 490E1EEB21637CBF006BA702 /* CoreFunctions.swift */; };
		490E1F0921637CC0006BA702 /* Collation.swift in Sources */ = {isa = PBXBuildFile; fileRef = 490E1EEC21637CBF006BA702 /* Collation.swift */; };
		490E1F0A21637CC0006BA702 /* CustomFunctions.swift in Sources */ = {isa = PBXBuildFile; fileRef = 490E1EED21637CBF006BA702 /* CustomFunctions.swift */; };
		490E1F0B21637CC0006BA702 /* DateAndTimeFunctions.swift in Sources */ = {isa = PBXBuildFile; fileRef = 490E1EEE21637CBF006BA702 /* DateAndTimeFunctions.swift */; };
		490E1F0C21637CC0006BA702 /* Setter.swift in Sources */ = {isa = PBXBuildFile; fileRef = 490E1EEF21637CBF006BA702 /* Setter.swift */; };
		490E1F0D21637CC0006BA702 /* Operators.swift in Sources */ = {isa = PBXBuildFile; fileRef = 490E1EF021637CBF006BA702 /* Operators.swift */; };
		490E1F0E21637CC0006BA702 /* Schema.swift in Sources */ = {isa = PBXBuildFile; fileRef = 490E1EF121637CBF006BA702 /* Schema.swift */; };
		490E1F0F21637CC0006BA702 /* AggregateFunctions.swift in Sources */ = {isa = PBXBuildFile; fileRef = 490E1EF221637CBF006BA702 /* AggregateFunctions.swift */; };
		490E1F1021637CC0006BA702 /* Info.plist in Resources */ = {isa = PBXBuildFile; fileRef = 490E1EF321637CBF006BA702 /* Info.plist */; };
		490E1F1121637CC0006BA702 /* ArabiaThawabit.swift in Sources */ = {isa = PBXBuildFile; fileRef = 490E1EF421637CC0006BA702 /* ArabiaThawabit.swift */; };
		490E1F1221637CC0006BA702 /* MNFile.swift in Sources */ = {isa = PBXBuildFile; fileRef = 490E1EF521637CC0006BA702 /* MNFile.swift */; };
		490E1F1321637CC0006BA702 /* MNNass.swift in Sources */ = {isa = PBXBuildFile; fileRef = 490E1EF621637CC0006BA702 /* MNNass.swift */; };
		490E1F1521637D40006BA702 /* MNSafha.swift in Sources */ = {isa = PBXBuildFile; fileRef = 490E1F1421637D40006BA702 /* MNSafha.swift */; };
		490E1F1B2163B837006BA702 /* MNUI.swift in Sources */ = {isa = PBXBuildFile; fileRef = 490E1F1A2163B837006BA702 /* MNUI.swift */; };
		490E1F1D2164B0B0006BA702 /* MNKit3a.swift in Sources */ = {isa = PBXBuildFile; fileRef = 490E1F1C2164B0B0006BA702 /* MNKit3a.swift */; };
		490E1F1F2164B3FD006BA702 /* MNSijil.swift in Sources */ = {isa = PBXBuildFile; fileRef = 490E1F1E2164B3FD006BA702 /* MNSijil.swift */; };
		490E1F212164B419006BA702 /* MNJadwal.swift in Sources */ = {isa = PBXBuildFile; fileRef = 490E1F202164B419006BA702 /* MNJadwal.swift */; };
		490E1F232164C407006BA702 /* MNLafda.swift in Sources */ = {isa = PBXBuildFile; fileRef = 490E1F222164C407006BA702 /* MNLafda.swift */; };
		490E1F252164C810006BA702 /* MNShamelaBook.swift in Sources */ = {isa = PBXBuildFile; fileRef = 490E1F242164C810006BA702 /* MNShamelaBook.swift */; };
		490E1F2D21675B2F006BA702 /* AppDelegate.swift in Sources */ = {isa = PBXBuildFile; fileRef = 490E1F2C21675B2F006BA702 /* AppDelegate.swift */; };
		490E1F2F21675B2F006BA702 /* ViewController.swift in Sources */ = {isa = PBXBuildFile; fileRef = 490E1F2E21675B2F006BA702 /* ViewController.swift */; };
		490E1F3221675B2F006BA702 /* Main.storyboard in Resources */ = {isa = PBXBuildFile; fileRef = 490E1F3021675B2F006BA702 /* Main.storyboard */; };
		490E1F3421675B31006BA702 /* Assets.xcassets in Resources */ = {isa = PBXBuildFile; fileRef = 490E1F3321675B31006BA702 /* Assets.xcassets */; };
		490E1F3721675B31006BA702 /* LaunchScreen.storyboard in Resources */ = {isa = PBXBuildFile; fileRef = 490E1F3521675B31006BA702 /* LaunchScreen.storyboard */; };
		490E1F4221675B32006BA702 /* kitabiTests.swift in Sources */ = {isa = PBXBuildFile; fileRef = 490E1F4121675B32006BA702 /* kitabiTests.swift */; };
		490E1F4D21675B32006BA702 /* kitabiUITests.swift in Sources */ = {isa = PBXBuildFile; fileRef = 490E1F4C21675B32006BA702 /* kitabiUITests.swift */; };
		490E1F5921676187006BA702 /* 13161.kitab in Resources */ = {isa = PBXBuildFile; fileRef = 490E1F5821676187006BA702 /* 13161.kitab */; };
		490E1F5A21676306006BA702 /* MNFile.swift in Sources */ = {isa = PBXBuildFile; fileRef = 490E1EF521637CC0006BA702 /* MNFile.swift */; };
		490E1F5B2167630E006BA702 /* MNShamelaBook.swift in Sources */ = {isa = PBXBuildFile; fileRef = 490E1F242164C810006BA702 /* MNShamelaBook.swift */; };
		490E1F5C2167630E006BA702 /* ArabiaThawabit.swift in Sources */ = {isa = PBXBuildFile; fileRef = 490E1EF421637CC0006BA702 /* ArabiaThawabit.swift */; };
		490E1F5D2167630E006BA702 /* MNDatabase.swift in Sources */ = {isa = PBXBuildFile; fileRef = 490E1ED721637CBF006BA702 /* MNDatabase.swift */; };
		490E1F5E2167630E006BA702 /* MNKalima.swift in Sources */ = {isa = PBXBuildFile; fileRef = 490E1ED121637CBF006BA702 /* MNKalima.swift */; };
		490E1F5F2167630E006BA702 /* MNLafda.swift in Sources */ = {isa = PBXBuildFile; fileRef = 490E1F222164C407006BA702 /* MNLafda.swift */; };
		490E1F602167630E006BA702 /* MNKit3a.swift in Sources */ = {isa = PBXBuildFile; fileRef = 490E1F1C2164B0B0006BA702 /* MNKit3a.swift */; };
		490E1F612167630E006BA702 /* MNJadwal.swift in Sources */ = {isa = PBXBuildFile; fileRef = 490E1F202164B419006BA702 /* MNJadwal.swift */; };
		490E1F622167630E006BA702 /* MNSijil.swift in Sources */ = {isa = PBXBuildFile; fileRef = 490E1F1E2164B3FD006BA702 /* MNSijil.swift */; };
		490E1F642167630E006BA702 /* MNSafha.swift in Sources */ = {isa = PBXBuildFile; fileRef = 490E1F1421637D40006BA702 /* MNSafha.swift */; };
		490E1F652167630E006BA702 /* MNNass.swift in Sources */ = {isa = PBXBuildFile; fileRef = 490E1EF621637CC0006BA702 /* MNNass.swift */; };
		490E1F8721676452006BA702 /* Connection.swift in Sources */ = {isa = PBXBuildFile; fileRef = 490E1F6821676452006BA702 /* Connection.swift */; };
		490E1F8821676452006BA702 /* Blob.swift in Sources */ = {isa = PBXBuildFile; fileRef = 490E1F6921676452006BA702 /* Blob.swift */; };
		490E1F8921676452006BA702 /* Errors.swift in Sources */ = {isa = PBXBuildFile; fileRef = 490E1F6A21676452006BA702 /* Errors.swift */; };
		490E1F8A21676452006BA702 /* Statement.swift in Sources */ = {isa = PBXBuildFile; fileRef = 490E1F6B21676452006BA702 /* Statement.swift */; };
		490E1F8B21676452006BA702 /* Value.swift in Sources */ = {isa = PBXBuildFile; fileRef = 490E1F6C21676452006BA702 /* Value.swift */; };
		490E1F8C21676452006BA702 /* Helpers.swift in Sources */ = {isa = PBXBuildFile; fileRef = 490E1F6D21676452006BA702 /* Helpers.swift */; };
		490E1F8D21676452006BA702 /* Cipher.swift in Sources */ = {isa = PBXBuildFile; fileRef = 490E1F6F21676452006BA702 /* Cipher.swift */; };
		490E1F8E21676452006BA702 /* RTree.swift in Sources */ = {isa = PBXBuildFile; fileRef = 490E1F7021676452006BA702 /* RTree.swift */; };
		490E1F8F21676452006BA702 /* FTS4.swift in Sources */ = {isa = PBXBuildFile; fileRef = 490E1F7121676452006BA702 /* FTS4.swift */; };
		490E1F9021676452006BA702 /* FTS5.swift in Sources */ = {isa = PBXBuildFile; fileRef = 490E1F7221676452006BA702 /* FTS5.swift */; };
		490E1F9121676452006BA702 /* Foundation.swift in Sources */ = {isa = PBXBuildFile; fileRef = 490E1F7321676452006BA702 /* Foundation.swift */; };
		490E1F9221676452006BA702 /* Query.swift in Sources */ = {isa = PBXBuildFile; fileRef = 490E1F7621676452006BA702 /* Query.swift */; };
		490E1F9321676452006BA702 /* Coding.swift in Sources */ = {isa = PBXBuildFile; fileRef = 490E1F7721676452006BA702 /* Coding.swift */; };
		490E1F9421676452006BA702 /* Expression.swift in Sources */ = {isa = PBXBuildFile; fileRef = 490E1F7821676452006BA702 /* Expression.swift */; };
		490E1F9521676452006BA702 /* CoreFunctions.swift in Sources */ = {isa = PBXBuildFile; fileRef = 490E1F7921676452006BA702 /* CoreFunctions.swift */; };
		490E1F9621676452006BA702 /* Collation.swift in Sources */ = {isa = PBXBuildFile; fileRef = 490E1F7A21676452006BA702 /* Collation.swift */; };
		490E1F9721676452006BA702 /* CustomFunctions.swift in Sources */ = {isa = PBXBuildFile; fileRef = 490E1F7B21676452006BA702 /* CustomFunctions.swift */; };
		490E1F9821676452006BA702 /* DateAndTimeFunctions.swift in Sources */ = {isa = PBXBuildFile; fileRef = 490E1F7C21676452006BA702 /* DateAndTimeFunctions.swift */; };
		490E1F9921676452006BA702 /* Setter.swift in Sources */ = {isa = PBXBuildFile; fileRef = 490E1F7D21676452006BA702 /* Setter.swift */; };
		490E1F9A21676452006BA702 /* Operators.swift in Sources */ = {isa = PBXBuildFile; fileRef = 490E1F7E21676452006BA702 /* Operators.swift */; };
		490E1F9B21676452006BA702 /* Schema.swift in Sources */ = {isa = PBXBuildFile; fileRef = 490E1F7F21676452006BA702 /* Schema.swift */; };
		490E1F9C21676452006BA702 /* AggregateFunctions.swift in Sources */ = {isa = PBXBuildFile; fileRef = 490E1F8021676452006BA702 /* AggregateFunctions.swift */; };
		490E1F9D21676452006BA702 /* Info.plist in Resources */ = {isa = PBXBuildFile; fileRef = 490E1F8121676452006BA702 /* Info.plist */; };
		490E1F9E21676452006BA702 /* SQLite-Bridging.m in Sources */ = {isa = PBXBuildFile; fileRef = 490E1F8521676452006BA702 /* SQLite-Bridging.m */; };
		490E1FA021676729006BA702 /* booksList.kitab in Resources */ = {isa = PBXBuildFile; fileRef = 490E1F9F216766BC006BA702 /* booksList.kitab */; };
		4946A2762168F40C00AD617A /* MNKitab.swift in Sources */ = {isa = PBXBuildFile; fileRef = 4946A2752168F40C00AD617A /* MNKitab.swift */; };
		4946A2772168F40C00AD617A /* MNKitab.swift in Sources */ = {isa = PBXBuildFile; fileRef = 4946A2752168F40C00AD617A /* MNKitab.swift */; };
		4946A2792168F82100AD617A /* MNDBKitab.swift in Sources */ = {isa = PBXBuildFile; fileRef = 4946A2782168F82100AD617A /* MNDBKitab.swift */; };
		4946A27A2168F82100AD617A /* MNDBKitab.swift in Sources */ = {isa = PBXBuildFile; fileRef = 4946A2782168F82100AD617A /* MNDBKitab.swift */; };
		4946A27C2168FCC900AD617A /* MNImport.swift in Sources */ = {isa = PBXBuildFile; fileRef = 4946A27B2168FCC900AD617A /* MNImport.swift */; };
		4946A27D2168FCC900AD617A /* MNImport.swift in Sources */ = {isa = PBXBuildFile; fileRef = 4946A27B2168FCC900AD617A /* MNImport.swift */; };
/* End PBXBuildFile section */

/* Begin PBXContainerItemProxy section */
		490E1EB521637C9E006BA702 /* PBXContainerItemProxy */ = {
			isa = PBXContainerItemProxy;
			containerPortal = 490E1E9A21637C9D006BA702 /* Project object */;
			proxyType = 1;
			remoteGlobalIDString = 490E1EA121637C9D006BA702;
			remoteInfo = alkotobi;
		};
		490E1EC021637C9E006BA702 /* PBXContainerItemProxy */ = {
			isa = PBXContainerItemProxy;
			containerPortal = 490E1E9A21637C9D006BA702 /* Project object */;
			proxyType = 1;
			remoteGlobalIDString = 490E1EA121637C9D006BA702;
			remoteInfo = alkotobi;
		};
		490E1F3E21675B31006BA702 /* PBXContainerItemProxy */ = {
			isa = PBXContainerItemProxy;
			containerPortal = 490E1E9A21637C9D006BA702 /* Project object */;
			proxyType = 1;
			remoteGlobalIDString = 490E1F2921675B2F006BA702;
			remoteInfo = kitabi;
		};
		490E1F4921675B32006BA702 /* PBXContainerItemProxy */ = {
			isa = PBXContainerItemProxy;
			containerPortal = 490E1E9A21637C9D006BA702 /* Project object */;
			proxyType = 1;
			remoteGlobalIDString = 490E1F2921675B2F006BA702;
			remoteInfo = kitabi;
		};
/* End PBXContainerItemProxy section */

/* Begin PBXFileReference section */
		490E1EA221637C9D006BA702 /* alkotobi.app */ = {isa = PBXFileReference; explicitFileType = wrapper.application; includeInIndex = 0; path = alkotobi.app; sourceTree = BUILT_PRODUCTS_DIR; };
		490E1EA521637C9D006BA702 /* AppDelegate.swift */ = {isa = PBXFileReference; lastKnownFileType = sourcecode.swift; path = AppDelegate.swift; sourceTree = "<group>"; };
		490E1EA721637C9D006BA702 /* ViewController.swift */ = {isa = PBXFileReference; lastKnownFileType = sourcecode.swift; path = ViewController.swift; sourceTree = "<group>"; };
		490E1EA921637C9E006BA702 /* Assets.xcassets */ = {isa = PBXFileReference; lastKnownFileType = folder.assetcatalog; path = Assets.xcassets; sourceTree = "<group>"; };
		490E1EAC21637C9E006BA702 /* Base */ = {isa = PBXFileReference; lastKnownFileType = file.storyboard; name = Base; path = Base.lproj/Main.storyboard; sourceTree = "<group>"; };
		490E1EAE21637C9E006BA702 /* Info.plist */ = {isa = PBXFileReference; lastKnownFileType = text.plist.xml; path = Info.plist; sourceTree = "<group>"; };
		490E1EAF21637C9E006BA702 /* alkotobi.entitlements */ = {isa = PBXFileReference; lastKnownFileType = text.plist.entitlements; path = alkotobi.entitlements; sourceTree = "<group>"; };
		490E1EB421637C9E006BA702 /* alkotobiTests.xctest */ = {isa = PBXFileReference; explicitFileType = wrapper.cfbundle; includeInIndex = 0; path = alkotobiTests.xctest; sourceTree = BUILT_PRODUCTS_DIR; };
		490E1EB821637C9E006BA702 /* alkotobiTests.swift */ = {isa = PBXFileReference; lastKnownFileType = sourcecode.swift; path = alkotobiTests.swift; sourceTree = "<group>"; };
		490E1EBA21637C9E006BA702 /* Info.plist */ = {isa = PBXFileReference; lastKnownFileType = text.plist.xml; path = Info.plist; sourceTree = "<group>"; };
		490E1EBF21637C9E006BA702 /* alkotobiUITests.xctest */ = {isa = PBXFileReference; explicitFileType = wrapper.cfbundle; includeInIndex = 0; path = alkotobiUITests.xctest; sourceTree = BUILT_PRODUCTS_DIR; };
		490E1EC321637C9E006BA702 /* alkotobiUITests.swift */ = {isa = PBXFileReference; lastKnownFileType = sourcecode.swift; path = alkotobiUITests.swift; sourceTree = "<group>"; };
		490E1EC521637C9E006BA702 /* Info.plist */ = {isa = PBXFileReference; lastKnownFileType = text.plist.xml; path = Info.plist; sourceTree = "<group>"; };
		490E1ED121637CBF006BA702 /* MNKalima.swift */ = {isa = PBXFileReference; fileEncoding = 4; lastKnownFileType = sourcecode.swift; path = MNKalima.swift; sourceTree = "<group>"; };
		490E1ED421637CBF006BA702 /* SQLite-Bridging.h */ = {isa = PBXFileReference; fileEncoding = 4; lastKnownFileType = sourcecode.c.h; path = "SQLite-Bridging.h"; sourceTree = "<group>"; };
		490E1ED521637CBF006BA702 /* SQLite-Bridging.m */ = {isa = PBXFileReference; fileEncoding = 4; lastKnownFileType = sourcecode.c.objc; path = "SQLite-Bridging.m"; sourceTree = "<group>"; };
		490E1ED621637CBF006BA702 /* fts3_tokenizer.h */ = {isa = PBXFileReference; fileEncoding = 4; lastKnownFileType = sourcecode.c.h; path = fts3_tokenizer.h; sourceTree = "<group>"; };
		490E1ED721637CBF006BA702 /* MNDatabase.swift */ = {isa = PBXFileReference; fileEncoding = 4; lastKnownFileType = sourcecode.swift; path = MNDatabase.swift; sourceTree = "<group>"; };
		490E1EDA21637CBF006BA702 /* Connection.swift */ = {isa = PBXFileReference; fileEncoding = 4; lastKnownFileType = sourcecode.swift; path = Connection.swift; sourceTree = "<group>"; };
		490E1EDB21637CBF006BA702 /* Blob.swift */ = {isa = PBXFileReference; fileEncoding = 4; lastKnownFileType = sourcecode.swift; path = Blob.swift; sourceTree = "<group>"; };
		490E1EDC21637CBF006BA702 /* Errors.swift */ = {isa = PBXFileReference; fileEncoding = 4; lastKnownFileType = sourcecode.swift; path = Errors.swift; sourceTree = "<group>"; };
		490E1EDD21637CBF006BA702 /* Statement.swift */ = {isa = PBXFileReference; fileEncoding = 4; lastKnownFileType = sourcecode.swift; path = Statement.swift; sourceTree = "<group>"; };
		490E1EDE21637CBF006BA702 /* Value.swift */ = {isa = PBXFileReference; fileEncoding = 4; lastKnownFileType = sourcecode.swift; path = Value.swift; sourceTree = "<group>"; };
		490E1EDF21637CBF006BA702 /* Helpers.swift */ = {isa = PBXFileReference; fileEncoding = 4; lastKnownFileType = sourcecode.swift; path = Helpers.swift; sourceTree = "<group>"; };
		490E1EE121637CBF006BA702 /* Cipher.swift */ = {isa = PBXFileReference; fileEncoding = 4; lastKnownFileType = sourcecode.swift; path = Cipher.swift; sourceTree = "<group>"; };
		490E1EE221637CBF006BA702 /* RTree.swift */ = {isa = PBXFileReference; fileEncoding = 4; lastKnownFileType = sourcecode.swift; path = RTree.swift; sourceTree = "<group>"; };
		490E1EE321637CBF006BA702 /* FTS4.swift */ = {isa = PBXFileReference; fileEncoding = 4; lastKnownFileType = sourcecode.swift; path = FTS4.swift; sourceTree = "<group>"; };
		490E1EE421637CBF006BA702 /* FTS5.swift */ = {isa = PBXFileReference; fileEncoding = 4; lastKnownFileType = sourcecode.swift; path = FTS5.swift; sourceTree = "<group>"; };
		490E1EE521637CBF006BA702 /* Foundation.swift */ = {isa = PBXFileReference; fileEncoding = 4; lastKnownFileType = sourcecode.swift; path = Foundation.swift; sourceTree = "<group>"; };
		490E1EE621637CBF006BA702 /* SQLite.h */ = {isa = PBXFileReference; fileEncoding = 4; lastKnownFileType = sourcecode.c.h; path = SQLite.h; sourceTree = "<group>"; };
		490E1EE821637CBF006BA702 /* Query.swift */ = {isa = PBXFileReference; fileEncoding = 4; lastKnownFileType = sourcecode.swift; path = Query.swift; sourceTree = "<group>"; };
		490E1EE921637CBF006BA702 /* Coding.swift */ = {isa = PBXFileReference; fileEncoding = 4; lastKnownFileType = sourcecode.swift; path = Coding.swift; sourceTree = "<group>"; };
		490E1EEA21637CBF006BA702 /* Expression.swift */ = {isa = PBXFileReference; fileEncoding = 4; lastKnownFileType = sourcecode.swift; path = Expression.swift; sourceTree = "<group>"; };
		490E1EEB21637CBF006BA702 /* CoreFunctions.swift */ = {isa = PBXFileReference; fileEncoding = 4; lastKnownFileType = sourcecode.swift; path = CoreFunctions.swift; sourceTree = "<group>"; };
		490E1EEC21637CBF006BA702 /* Collation.swift */ = {isa = PBXFileReference; fileEncoding = 4; lastKnownFileType = sourcecode.swift; path = Collation.swift; sourceTree = "<group>"; };
		490E1EED21637CBF006BA702 /* CustomFunctions.swift */ = {isa = PBXFileReference; fileEncoding = 4; lastKnownFileType = sourcecode.swift; path = CustomFunctions.swift; sourceTree = "<group>"; };
		490E1EEE21637CBF006BA702 /* DateAndTimeFunctions.swift */ = {isa = PBXFileReference; fileEncoding = 4; lastKnownFileType = sourcecode.swift; path = DateAndTimeFunctions.swift; sourceTree = "<group>"; };
		490E1EEF21637CBF006BA702 /* Setter.swift */ = {isa = PBXFileReference; fileEncoding = 4; lastKnownFileType = sourcecode.swift; path = Setter.swift; sourceTree = "<group>"; };
		490E1EF021637CBF006BA702 /* Operators.swift */ = {isa = PBXFileReference; fileEncoding = 4; lastKnownFileType = sourcecode.swift; path = Operators.swift; sourceTree = "<group>"; };
		490E1EF121637CBF006BA702 /* Schema.swift */ = {isa = PBXFileReference; fileEncoding = 4; lastKnownFileType = sourcecode.swift; path = Schema.swift; sourceTree = "<group>"; };
		490E1EF221637CBF006BA702 /* AggregateFunctions.swift */ = {isa = PBXFileReference; fileEncoding = 4; lastKnownFileType = sourcecode.swift; path = AggregateFunctions.swift; sourceTree = "<group>"; };
		490E1EF321637CBF006BA702 /* Info.plist */ = {isa = PBXFileReference; fileEncoding = 4; lastKnownFileType = text.plist.xml; path = Info.plist; sourceTree = "<group>"; };
		490E1EF421637CC0006BA702 /* ArabiaThawabit.swift */ = {isa = PBXFileReference; fileEncoding = 4; lastKnownFileType = sourcecode.swift; path = ArabiaThawabit.swift; sourceTree = "<group>"; };
		490E1EF521637CC0006BA702 /* MNFile.swift */ = {isa = PBXFileReference; fileEncoding = 4; lastKnownFileType = sourcecode.swift; path = MNFile.swift; sourceTree = "<group>"; };
		490E1EF621637CC0006BA702 /* MNNass.swift */ = {isa = PBXFileReference; fileEncoding = 4; lastKnownFileType = sourcecode.swift; path = MNNass.swift; sourceTree = "<group>"; };
		490E1F1421637D40006BA702 /* MNSafha.swift */ = {isa = PBXFileReference; lastKnownFileType = sourcecode.swift; path = MNSafha.swift; sourceTree = "<group>"; };
		490E1F1A2163B837006BA702 /* MNUI.swift */ = {isa = PBXFileReference; lastKnownFileType = sourcecode.swift; path = MNUI.swift; sourceTree = "<group>"; };
		490E1F1C2164B0B0006BA702 /* MNKit3a.swift */ = {isa = PBXFileReference; lastKnownFileType = sourcecode.swift; path = MNKit3a.swift; sourceTree = "<group>"; };
		490E1F1E2164B3FD006BA702 /* MNSijil.swift */ = {isa = PBXFileReference; fileEncoding = 4; lastKnownFileType = sourcecode.swift; path = MNSijil.swift; sourceTree = "<group>"; };
		490E1F202164B419006BA702 /* MNJadwal.swift */ = {isa = PBXFileReference; fileEncoding = 4; lastKnownFileType = sourcecode.swift; path = MNJadwal.swift; sourceTree = "<group>"; };
		490E1F222164C407006BA702 /* MNLafda.swift */ = {isa = PBXFileReference; lastKnownFileType = sourcecode.swift; path = MNLafda.swift; sourceTree = "<group>"; };
		490E1F242164C810006BA702 /* MNShamelaBook.swift */ = {isa = PBXFileReference; lastKnownFileType = sourcecode.swift; path = MNShamelaBook.swift; sourceTree = "<group>"; };
		490E1F2A21675B2F006BA702 /* kitabi.app */ = {isa = PBXFileReference; explicitFileType = wrapper.application; includeInIndex = 0; path = kitabi.app; sourceTree = BUILT_PRODUCTS_DIR; };
		490E1F2C21675B2F006BA702 /* AppDelegate.swift */ = {isa = PBXFileReference; lastKnownFileType = sourcecode.swift; path = AppDelegate.swift; sourceTree = "<group>"; };
		490E1F2E21675B2F006BA702 /* ViewController.swift */ = {isa = PBXFileReference; lastKnownFileType = sourcecode.swift; path = ViewController.swift; sourceTree = "<group>"; };
		490E1F3121675B2F006BA702 /* Base */ = {isa = PBXFileReference; lastKnownFileType = file.storyboard; name = Base; path = Base.lproj/Main.storyboard; sourceTree = "<group>"; };
		490E1F3321675B31006BA702 /* Assets.xcassets */ = {isa = PBXFileReference; lastKnownFileType = folder.assetcatalog; path = Assets.xcassets; sourceTree = "<group>"; };
		490E1F3621675B31006BA702 /* Base */ = {isa = PBXFileReference; lastKnownFileType = file.storyboard; name = Base; path = Base.lproj/LaunchScreen.storyboard; sourceTree = "<group>"; };
		490E1F3821675B31006BA702 /* Info.plist */ = {isa = PBXFileReference; lastKnownFileType = text.plist.xml; path = Info.plist; sourceTree = "<group>"; };
		490E1F3D21675B31006BA702 /* kitabiTests.xctest */ = {isa = PBXFileReference; explicitFileType = wrapper.cfbundle; includeInIndex = 0; path = kitabiTests.xctest; sourceTree = BUILT_PRODUCTS_DIR; };
		490E1F4121675B32006BA702 /* kitabiTests.swift */ = {isa = PBXFileReference; lastKnownFileType = sourcecode.swift; path = kitabiTests.swift; sourceTree = "<group>"; };
		490E1F4321675B32006BA702 /* Info.plist */ = {isa = PBXFileReference; lastKnownFileType = text.plist.xml; path = Info.plist; sourceTree = "<group>"; };
		490E1F4821675B32006BA702 /* kitabiUITests.xctest */ = {isa = PBXFileReference; explicitFileType = wrapper.cfbundle; includeInIndex = 0; path = kitabiUITests.xctest; sourceTree = BUILT_PRODUCTS_DIR; };
		490E1F4C21675B32006BA702 /* kitabiUITests.swift */ = {isa = PBXFileReference; lastKnownFileType = sourcecode.swift; path = kitabiUITests.swift; sourceTree = "<group>"; };
		490E1F4E21675B32006BA702 /* Info.plist */ = {isa = PBXFileReference; lastKnownFileType = text.plist.xml; path = Info.plist; sourceTree = "<group>"; };
		490E1F5821676187006BA702 /* 13161.kitab */ = {isa = PBXFileReference; lastKnownFileType = file; path = 13161.kitab; sourceTree = "<group>"; };
		490E1F6821676452006BA702 /* Connection.swift */ = {isa = PBXFileReference; fileEncoding = 4; lastKnownFileType = sourcecode.swift; path = Connection.swift; sourceTree = "<group>"; };
		490E1F6921676452006BA702 /* Blob.swift */ = {isa = PBXFileReference; fileEncoding = 4; lastKnownFileType = sourcecode.swift; path = Blob.swift; sourceTree = "<group>"; };
		490E1F6A21676452006BA702 /* Errors.swift */ = {isa = PBXFileReference; fileEncoding = 4; lastKnownFileType = sourcecode.swift; path = Errors.swift; sourceTree = "<group>"; };
		490E1F6B21676452006BA702 /* Statement.swift */ = {isa = PBXFileReference; fileEncoding = 4; lastKnownFileType = sourcecode.swift; path = Statement.swift; sourceTree = "<group>"; };
		490E1F6C21676452006BA702 /* Value.swift */ = {isa = PBXFileReference; fileEncoding = 4; lastKnownFileType = sourcecode.swift; path = Value.swift; sourceTree = "<group>"; };
		490E1F6D21676452006BA702 /* Helpers.swift */ = {isa = PBXFileReference; fileEncoding = 4; lastKnownFileType = sourcecode.swift; path = Helpers.swift; sourceTree = "<group>"; };
		490E1F6F21676452006BA702 /* Cipher.swift */ = {isa = PBXFileReference; fileEncoding = 4; lastKnownFileType = sourcecode.swift; path = Cipher.swift; sourceTree = "<group>"; };
		490E1F7021676452006BA702 /* RTree.swift */ = {isa = PBXFileReference; fileEncoding = 4; lastKnownFileType = sourcecode.swift; path = RTree.swift; sourceTree = "<group>"; };
		490E1F7121676452006BA702 /* FTS4.swift */ = {isa = PBXFileReference; fileEncoding = 4; lastKnownFileType = sourcecode.swift; path = FTS4.swift; sourceTree = "<group>"; };
		490E1F7221676452006BA702 /* FTS5.swift */ = {isa = PBXFileReference; fileEncoding = 4; lastKnownFileType = sourcecode.swift; path = FTS5.swift; sourceTree = "<group>"; };
		490E1F7321676452006BA702 /* Foundation.swift */ = {isa = PBXFileReference; fileEncoding = 4; lastKnownFileType = sourcecode.swift; path = Foundation.swift; sourceTree = "<group>"; };
		490E1F7421676452006BA702 /* SQLite.h */ = {isa = PBXFileReference; fileEncoding = 4; lastKnownFileType = sourcecode.c.h; path = SQLite.h; sourceTree = "<group>"; };
		490E1F7621676452006BA702 /* Query.swift */ = {isa = PBXFileReference; fileEncoding = 4; lastKnownFileType = sourcecode.swift; path = Query.swift; sourceTree = "<group>"; };
		490E1F7721676452006BA702 /* Coding.swift */ = {isa = PBXFileReference; fileEncoding = 4; lastKnownFileType = sourcecode.swift; path = Coding.swift; sourceTree = "<group>"; };
		490E1F7821676452006BA702 /* Expression.swift */ = {isa = PBXFileReference; fileEncoding = 4; lastKnownFileType = sourcecode.swift; path = Expression.swift; sourceTree = "<group>"; };
		490E1F7921676452006BA702 /* CoreFunctions.swift */ = {isa = PBXFileReference; fileEncoding = 4; lastKnownFileType = sourcecode.swift; path = CoreFunctions.swift; sourceTree = "<group>"; };
		490E1F7A21676452006BA702 /* Collation.swift */ = {isa = PBXFileReference; fileEncoding = 4; lastKnownFileType = sourcecode.swift; path = Collation.swift; sourceTree = "<group>"; };
		490E1F7B21676452006BA702 /* CustomFunctions.swift */ = {isa = PBXFileReference; fileEncoding = 4; lastKnownFileType = sourcecode.swift; path = CustomFunctions.swift; sourceTree = "<group>"; };
		490E1F7C21676452006BA702 /* DateAndTimeFunctions.swift */ = {isa = PBXFileReference; fileEncoding = 4; lastKnownFileType = sourcecode.swift; path = DateAndTimeFunctions.swift; sourceTree = "<group>"; };
		490E1F7D21676452006BA702 /* Setter.swift */ = {isa = PBXFileReference; fileEncoding = 4; lastKnownFileType = sourcecode.swift; path = Setter.swift; sourceTree = "<group>"; };
		490E1F7E21676452006BA702 /* Operators.swift */ = {isa = PBXFileReference; fileEncoding = 4; lastKnownFileType = sourcecode.swift; path = Operators.swift; sourceTree = "<group>"; };
		490E1F7F21676452006BA702 /* Schema.swift */ = {isa = PBXFileReference; fileEncoding = 4; lastKnownFileType = sourcecode.swift; path = Schema.swift; sourceTree = "<group>"; };
		490E1F8021676452006BA702 /* AggregateFunctions.swift */ = {isa = PBXFileReference; fileEncoding = 4; lastKnownFileType = sourcecode.swift; path = AggregateFunctions.swift; sourceTree = "<group>"; };
		490E1F8121676452006BA702 /* Info.plist */ = {isa = PBXFileReference; fileEncoding = 4; lastKnownFileType = text.plist.xml; path = Info.plist; sourceTree = "<group>"; };
		490E1F8421676452006BA702 /* SQLite-Bridging.h */ = {isa = PBXFileReference; fileEncoding = 4; lastKnownFileType = sourcecode.c.h; path = "SQLite-Bridging.h"; sourceTree = "<group>"; };
		490E1F8521676452006BA702 /* SQLite-Bridging.m */ = {isa = PBXFileReference; fileEncoding = 4; lastKnownFileType = sourcecode.c.objc; path = "SQLite-Bridging.m"; sourceTree = "<group>"; };
		490E1F8621676452006BA702 /* fts3_tokenizer.h */ = {isa = PBXFileReference; fileEncoding = 4; lastKnownFileType = sourcecode.c.h; path = fts3_tokenizer.h; sourceTree = "<group>"; };
		490E1F9F216766BC006BA702 /* booksList.kitab */ = {isa = PBXFileReference; lastKnownFileType = file; path = booksList.kitab; sourceTree = "<group>"; };
		4946A2752168F40C00AD617A /* MNKitab.swift */ = {isa = PBXFileReference; lastKnownFileType = sourcecode.swift; path = MNKitab.swift; sourceTree = "<group>"; };
		4946A2782168F82100AD617A /* MNDBKitab.swift */ = {isa = PBXFileReference; lastKnownFileType = sourcecode.swift; path = MNDBKitab.swift; sourceTree = "<group>"; };
		4946A27B2168FCC900AD617A /* MNImport.swift */ = {isa = PBXFileReference; lastKnownFileType = sourcecode.swift; path = MNImport.swift; sourceTree = "<group>"; };
/* End PBXFileReference section */

/* Begin PBXFrameworksBuildPhase section */
		490E1E9F21637C9D006BA702 /* Frameworks */ = {
			isa = PBXFrameworksBuildPhase;
			buildActionMask = 2147483647;
			files = (
			);
			runOnlyForDeploymentPostprocessing = 0;
		};
		490E1EB121637C9E006BA702 /* Frameworks */ = {
			isa = PBXFrameworksBuildPhase;
			buildActionMask = 2147483647;
			files = (
			);
			runOnlyForDeploymentPostprocessing = 0;
		};
		490E1EBC21637C9E006BA702 /* Frameworks */ = {
			isa = PBXFrameworksBuildPhase;
			buildActionMask = 2147483647;
			files = (
			);
			runOnlyForDeploymentPostprocessing = 0;
		};
		490E1F2721675B2F006BA702 /* Frameworks */ = {
			isa = PBXFrameworksBuildPhase;
			buildActionMask = 2147483647;
			files = (
			);
			runOnlyForDeploymentPostprocessing = 0;
		};
		490E1F3A21675B31006BA702 /* Frameworks */ = {
			isa = PBXFrameworksBuildPhase;
			buildActionMask = 2147483647;
			files = (
			);
			runOnlyForDeploymentPostprocessing = 0;
		};
		490E1F4521675B32006BA702 /* Frameworks */ = {
			isa = PBXFrameworksBuildPhase;
			buildActionMask = 2147483647;
			files = (
			);
			runOnlyForDeploymentPostprocessing = 0;
		};
/* End PBXFrameworksBuildPhase section */

/* Begin PBXGroup section */
		490E1E9921637C9D006BA702 = {
			isa = PBXGroup;
			children = (
				490E1EA421637C9D006BA702 /* alkotobi */,
				490E1EB721637C9E006BA702 /* alkotobiTests */,
				490E1EC221637C9E006BA702 /* alkotobiUITests */,
				490E1F2B21675B2F006BA702 /* kitabi */,
				490E1F4021675B32006BA702 /* kitabiTests */,
				490E1F4B21675B32006BA702 /* kitabiUITests */,
				490E1EA321637C9D006BA702 /* Products */,
			);
			sourceTree = "<group>";
		};
		490E1EA321637C9D006BA702 /* Products */ = {
			isa = PBXGroup;
			children = (
				490E1EA221637C9D006BA702 /* alkotobi.app */,
				490E1EB421637C9E006BA702 /* alkotobiTests.xctest */,
				490E1EBF21637C9E006BA702 /* alkotobiUITests.xctest */,
				490E1F2A21675B2F006BA702 /* kitabi.app */,
				490E1F3D21675B31006BA702 /* kitabiTests.xctest */,
				490E1F4821675B32006BA702 /* kitabiUITests.xctest */,
			);
			name = Products;
			sourceTree = "<group>";
		};
		490E1EA421637C9D006BA702 /* alkotobi */ = {
			isa = PBXGroup;
			children = (
				490E1F242164C810006BA702 /* MNShamelaBook.swift */,
				490E1EF421637CC0006BA702 /* ArabiaThawabit.swift */,
				490E1ED721637CBF006BA702 /* MNDatabase.swift */,
				490E1EF521637CC0006BA702 /* MNFile.swift */,
				490E1ED121637CBF006BA702 /* MNKalima.swift */,
				4946A2782168F82100AD617A /* MNDBKitab.swift */,
				490E1F222164C407006BA702 /* MNLafda.swift */,
				490E1F1C2164B0B0006BA702 /* MNKit3a.swift */,
				490E1F202164B419006BA702 /* MNJadwal.swift */,
				490E1F1E2164B3FD006BA702 /* MNSijil.swift */,
				490E1F1A2163B837006BA702 /* MNUI.swift */,
				490E1F1421637D40006BA702 /* MNSafha.swift */,
				4946A2752168F40C00AD617A /* MNKitab.swift */,
				490E1EF621637CC0006BA702 /* MNNass.swift */,
				490E1ED821637CBF006BA702 /* SQLite */,
				490E1ED221637CBF006BA702 /* SQLiteObjc */,
				490E1EA521637C9D006BA702 /* AppDelegate.swift */,
				490E1EA721637C9D006BA702 /* ViewController.swift */,
				4946A27B2168FCC900AD617A /* MNImport.swift */,
				490E1EA921637C9E006BA702 /* Assets.xcassets */,
				490E1EAB21637C9E006BA702 /* Main.storyboard */,
				490E1EAE21637C9E006BA702 /* Info.plist */,
				490E1EAF21637C9E006BA702 /* alkotobi.entitlements */,
			);
			path = alkotobi;
			sourceTree = "<group>";
		};
		490E1EB721637C9E006BA702 /* alkotobiTests */ = {
			isa = PBXGroup;
			children = (
				490E1EB821637C9E006BA702 /* alkotobiTests.swift */,
				490E1EBA21637C9E006BA702 /* Info.plist */,
			);
			path = alkotobiTests;
			sourceTree = "<group>";
		};
		490E1EC221637C9E006BA702 /* alkotobiUITests */ = {
			isa = PBXGroup;
			children = (
				490E1EC321637C9E006BA702 /* alkotobiUITests.swift */,
				490E1EC521637C9E006BA702 /* Info.plist */,
			);
			path = alkotobiUITests;
			sourceTree = "<group>";
		};
		490E1ED221637CBF006BA702 /* SQLiteObjc */ = {
			isa = PBXGroup;
			children = (
				490E1ED321637CBF006BA702 /* include */,
				490E1ED521637CBF006BA702 /* SQLite-Bridging.m */,
				490E1ED621637CBF006BA702 /* fts3_tokenizer.h */,
			);
			path = SQLiteObjc;
			sourceTree = "<group>";
		};
		490E1ED321637CBF006BA702 /* include */ = {
			isa = PBXGroup;
			children = (
				490E1ED421637CBF006BA702 /* SQLite-Bridging.h */,
			);
			path = include;
			sourceTree = "<group>";
		};
		490E1ED821637CBF006BA702 /* SQLite */ = {
			isa = PBXGroup;
			children = (
				490E1ED921637CBF006BA702 /* Core */,
				490E1EDF21637CBF006BA702 /* Helpers.swift */,
				490E1EE021637CBF006BA702 /* Extensions */,
				490E1EE521637CBF006BA702 /* Foundation.swift */,
				490E1EE621637CBF006BA702 /* SQLite.h */,
				490E1EE721637CBF006BA702 /* Typed */,
				490E1EF321637CBF006BA702 /* Info.plist */,
			);
			path = SQLite;
			sourceTree = "<group>";
		};
		490E1ED921637CBF006BA702 /* Core */ = {
			isa = PBXGroup;
			children = (
				490E1EDA21637CBF006BA702 /* Connection.swift */,
				490E1EDB21637CBF006BA702 /* Blob.swift */,
				490E1EDC21637CBF006BA702 /* Errors.swift */,
				490E1EDD21637CBF006BA702 /* Statement.swift */,
				490E1EDE21637CBF006BA702 /* Value.swift */,
			);
			path = Core;
			sourceTree = "<group>";
		};
		490E1EE021637CBF006BA702 /* Extensions */ = {
			isa = PBXGroup;
			children = (
				490E1EE121637CBF006BA702 /* Cipher.swift */,
				490E1EE221637CBF006BA702 /* RTree.swift */,
				490E1EE321637CBF006BA702 /* FTS4.swift */,
				490E1EE421637CBF006BA702 /* FTS5.swift */,
			);
			path = Extensions;
			sourceTree = "<group>";
		};
		490E1EE721637CBF006BA702 /* Typed */ = {
			isa = PBXGroup;
			children = (
				490E1EE821637CBF006BA702 /* Query.swift */,
				490E1EE921637CBF006BA702 /* Coding.swift */,
				490E1EEA21637CBF006BA702 /* Expression.swift */,
				490E1EEB21637CBF006BA702 /* CoreFunctions.swift */,
				490E1EEC21637CBF006BA702 /* Collation.swift */,
				490E1EED21637CBF006BA702 /* CustomFunctions.swift */,
				490E1EEE21637CBF006BA702 /* DateAndTimeFunctions.swift */,
				490E1EEF21637CBF006BA702 /* Setter.swift */,
				490E1EF021637CBF006BA702 /* Operators.swift */,
				490E1EF121637CBF006BA702 /* Schema.swift */,
				490E1EF221637CBF006BA702 /* AggregateFunctions.swift */,
			);
			path = Typed;
			sourceTree = "<group>";
		};
		490E1F2B21675B2F006BA702 /* kitabi */ = {
			isa = PBXGroup;
			children = (
				490E1F6621676452006BA702 /* SQLite */,
				490E1F8221676452006BA702 /* SQLiteObjc */,
				490E1F5821676187006BA702 /* 13161.kitab */,
				490E1F9F216766BC006BA702 /* booksList.kitab */,
				490E1F2C21675B2F006BA702 /* AppDelegate.swift */,
				490E1F2E21675B2F006BA702 /* ViewController.swift */,
				490E1F3021675B2F006BA702 /* Main.storyboard */,
				490E1F3321675B31006BA702 /* Assets.xcassets */,
				490E1F3521675B31006BA702 /* LaunchScreen.storyboard */,
				490E1F3821675B31006BA702 /* Info.plist */,
			);
			path = kitabi;
			sourceTree = "<group>";
		};
		490E1F4021675B32006BA702 /* kitabiTests */ = {
			isa = PBXGroup;
			children = (
				490E1F4121675B32006BA702 /* kitabiTests.swift */,
				490E1F4321675B32006BA702 /* Info.plist */,
			);
			path = kitabiTests;
			sourceTree = "<group>";
		};
		490E1F4B21675B32006BA702 /* kitabiUITests */ = {
			isa = PBXGroup;
			children = (
				490E1F4C21675B32006BA702 /* kitabiUITests.swift */,
				490E1F4E21675B32006BA702 /* Info.plist */,
			);
			path = kitabiUITests;
			sourceTree = "<group>";
		};
		490E1F6621676452006BA702 /* SQLite */ = {
			isa = PBXGroup;
			children = (
				490E1F6721676452006BA702 /* Core */,
				490E1F6D21676452006BA702 /* Helpers.swift */,
				490E1F6E21676452006BA702 /* Extensions */,
				490E1F7321676452006BA702 /* Foundation.swift */,
				490E1F7421676452006BA702 /* SQLite.h */,
				490E1F7521676452006BA702 /* Typed */,
				490E1F8121676452006BA702 /* Info.plist */,
			);
			path = SQLite;
			sourceTree = "<group>";
		};
		490E1F6721676452006BA702 /* Core */ = {
			isa = PBXGroup;
			children = (
				490E1F6821676452006BA702 /* Connection.swift */,
				490E1F6921676452006BA702 /* Blob.swift */,
				490E1F6A21676452006BA702 /* Errors.swift */,
				490E1F6B21676452006BA702 /* Statement.swift */,
				490E1F6C21676452006BA702 /* Value.swift */,
			);
			path = Core;
			sourceTree = "<group>";
		};
		490E1F6E21676452006BA702 /* Extensions */ = {
			isa = PBXGroup;
			children = (
				490E1F6F21676452006BA702 /* Cipher.swift */,
				490E1F7021676452006BA702 /* RTree.swift */,
				490E1F7121676452006BA702 /* FTS4.swift */,
				490E1F7221676452006BA702 /* FTS5.swift */,
			);
			path = Extensions;
			sourceTree = "<group>";
		};
		490E1F7521676452006BA702 /* Typed */ = {
			isa = PBXGroup;
			children = (
				490E1F7621676452006BA702 /* Query.swift */,
				490E1F7721676452006BA702 /* Coding.swift */,
				490E1F7821676452006BA702 /* Expression.swift */,
				490E1F7921676452006BA702 /* CoreFunctions.swift */,
				490E1F7A21676452006BA702 /* Collation.swift */,
				490E1F7B21676452006BA702 /* CustomFunctions.swift */,
				490E1F7C21676452006BA702 /* DateAndTimeFunctions.swift */,
				490E1F7D21676452006BA702 /* Setter.swift */,
				490E1F7E21676452006BA702 /* Operators.swift */,
				490E1F7F21676452006BA702 /* Schema.swift */,
				490E1F8021676452006BA702 /* AggregateFunctions.swift */,
			);
			path = Typed;
			sourceTree = "<group>";
		};
		490E1F8221676452006BA702 /* SQLiteObjc */ = {
			isa = PBXGroup;
			children = (
				490E1F8321676452006BA702 /* include */,
				490E1F8521676452006BA702 /* SQLite-Bridging.m */,
				490E1F8621676452006BA702 /* fts3_tokenizer.h */,
			);
			path = SQLiteObjc;
			sourceTree = "<group>";
		};
		490E1F8321676452006BA702 /* include */ = {
			isa = PBXGroup;
			children = (
				490E1F8421676452006BA702 /* SQLite-Bridging.h */,
			);
			path = include;
			sourceTree = "<group>";
		};
/* End PBXGroup section */

/* Begin PBXNativeTarget section */
		490E1EA121637C9D006BA702 /* alkotobi */ = {
			isa = PBXNativeTarget;
			buildConfigurationList = 490E1EC821637C9E006BA702 /* Build configuration list for PBXNativeTarget "alkotobi" */;
			buildPhases = (
				490E1E9E21637C9D006BA702 /* Sources */,
				490E1E9F21637C9D006BA702 /* Frameworks */,
				490E1EA021637C9D006BA702 /* Resources */,
			);
			buildRules = (
			);
			dependencies = (
			);
			name = alkotobi;
			productName = alkotobi;
			productReference = 490E1EA221637C9D006BA702 /* alkotobi.app */;
			productType = "com.apple.product-type.application";
		};
		490E1EB321637C9E006BA702 /* alkotobiTests */ = {
			isa = PBXNativeTarget;
			buildConfigurationList = 490E1ECB21637C9E006BA702 /* Build configuration list for PBXNativeTarget "alkotobiTests" */;
			buildPhases = (
				490E1EB021637C9E006BA702 /* Sources */,
				490E1EB121637C9E006BA702 /* Frameworks */,
				490E1EB221637C9E006BA702 /* Resources */,
			);
			buildRules = (
			);
			dependencies = (
				490E1EB621637C9E006BA702 /* PBXTargetDependency */,
			);
			name = alkotobiTests;
			productName = alkotobiTests;
			productReference = 490E1EB421637C9E006BA702 /* alkotobiTests.xctest */;
			productType = "com.apple.product-type.bundle.unit-test";
		};
		490E1EBE21637C9E006BA702 /* alkotobiUITests */ = {
			isa = PBXNativeTarget;
			buildConfigurationList = 490E1ECE21637C9E006BA702 /* Build configuration list for PBXNativeTarget "alkotobiUITests" */;
			buildPhases = (
				490E1EBB21637C9E006BA702 /* Sources */,
				490E1EBC21637C9E006BA702 /* Frameworks */,
				490E1EBD21637C9E006BA702 /* Resources */,
			);
			buildRules = (
			);
			dependencies = (
				490E1EC121637C9E006BA702 /* PBXTargetDependency */,
			);
			name = alkotobiUITests;
			productName = alkotobiUITests;
			productReference = 490E1EBF21637C9E006BA702 /* alkotobiUITests.xctest */;
			productType = "com.apple.product-type.bundle.ui-testing";
		};
		490E1F2921675B2F006BA702 /* kitabi */ = {
			isa = PBXNativeTarget;
			buildConfigurationList = 490E1F4F21675B32006BA702 /* Build configuration list for PBXNativeTarget "kitabi" */;
			buildPhases = (
				490E1F2621675B2F006BA702 /* Sources */,
				490E1F2721675B2F006BA702 /* Frameworks */,
				490E1F2821675B2F006BA702 /* Resources */,
			);
			buildRules = (
			);
			dependencies = (
			);
			name = kitabi;
			productName = kitabi;
			productReference = 490E1F2A21675B2F006BA702 /* kitabi.app */;
			productType = "com.apple.product-type.application";
		};
		490E1F3C21675B31006BA702 /* kitabiTests */ = {
			isa = PBXNativeTarget;
			buildConfigurationList = 490E1F5221675B32006BA702 /* Build configuration list for PBXNativeTarget "kitabiTests" */;
			buildPhases = (
				490E1F3921675B31006BA702 /* Sources */,
				490E1F3A21675B31006BA702 /* Frameworks */,
				490E1F3B21675B31006BA702 /* Resources */,
			);
			buildRules = (
			);
			dependencies = (
				490E1F3F21675B31006BA702 /* PBXTargetDependency */,
			);
			name = kitabiTests;
			productName = kitabiTests;
			productReference = 490E1F3D21675B31006BA702 /* kitabiTests.xctest */;
			productType = "com.apple.product-type.bundle.unit-test";
		};
		490E1F4721675B32006BA702 /* kitabiUITests */ = {
			isa = PBXNativeTarget;
			buildConfigurationList = 490E1F5521675B32006BA702 /* Build configuration list for PBXNativeTarget "kitabiUITests" */;
			buildPhases = (
				490E1F4421675B32006BA702 /* Sources */,
				490E1F4521675B32006BA702 /* Frameworks */,
				490E1F4621675B32006BA702 /* Resources */,
			);
			buildRules = (
			);
			dependencies = (
				490E1F4A21675B32006BA702 /* PBXTargetDependency */,
			);
			name = kitabiUITests;
			productName = kitabiUITests;
			productReference = 490E1F4821675B32006BA702 /* kitabiUITests.xctest */;
			productType = "com.apple.product-type.bundle.ui-testing";
		};
/* End PBXNativeTarget section */

/* Begin PBXProject section */
		490E1E9A21637C9D006BA702 /* Project object */ = {
			isa = PBXProject;
			attributes = {
				LastSwiftUpdateCheck = 0940;
				LastUpgradeCheck = 0940;
				ORGANIZATIONNAME = merhab;
				TargetAttributes = {
					490E1EA121637C9D006BA702 = {
						CreatedOnToolsVersion = 9.4.1;
						SystemCapabilities = {
							com.apple.Sandbox = {
								enabled = 0;
							};
						};
					};
					490E1EB321637C9E006BA702 = {
						CreatedOnToolsVersion = 9.4.1;
						TestTargetID = 490E1EA121637C9D006BA702;
					};
					490E1EBE21637C9E006BA702 = {
						CreatedOnToolsVersion = 9.4.1;
						TestTargetID = 490E1EA121637C9D006BA702;
					};
					490E1F2921675B2F006BA702 = {
						CreatedOnToolsVersion = 9.4.1;
					};
					490E1F3C21675B31006BA702 = {
						CreatedOnToolsVersion = 9.4.1;
						TestTargetID = 490E1F2921675B2F006BA702;
					};
					490E1F4721675B32006BA702 = {
						CreatedOnToolsVersion = 9.4.1;
						TestTargetID = 490E1F2921675B2F006BA702;
					};
				};
			};
			buildConfigurationList = 490E1E9D21637C9D006BA702 /* Build configuration list for PBXProject "alkotobi" */;
			compatibilityVersion = "Xcode 9.3";
			developmentRegion = en;
			hasScannedForEncodings = 0;
			knownRegions = (
				en,
				Base,
			);
			mainGroup = 490E1E9921637C9D006BA702;
			productRefGroup = 490E1EA321637C9D006BA702 /* Products */;
			projectDirPath = "";
			projectRoot = "";
			targets = (
				490E1EA121637C9D006BA702 /* alkotobi */,
				490E1EB321637C9E006BA702 /* alkotobiTests */,
				490E1EBE21637C9E006BA702 /* alkotobiUITests */,
				490E1F2921675B2F006BA702 /* kitabi */,
				490E1F3C21675B31006BA702 /* kitabiTests */,
				490E1F4721675B32006BA702 /* kitabiUITests */,
			);
		};
/* End PBXProject section */

/* Begin PBXResourcesBuildPhase section */
		490E1EA021637C9D006BA702 /* Resources */ = {
			isa = PBXResourcesBuildPhase;
			buildActionMask = 2147483647;
			files = (
				490E1EAA21637C9E006BA702 /* Assets.xcassets in Resources */,
				490E1EAD21637C9E006BA702 /* Main.storyboard in Resources */,
				490E1F1021637CC0006BA702 /* Info.plist in Resources */,
			);
			runOnlyForDeploymentPostprocessing = 0;
		};
		490E1EB221637C9E006BA702 /* Resources */ = {
			isa = PBXResourcesBuildPhase;
			buildActionMask = 2147483647;
			files = (
			);
			runOnlyForDeploymentPostprocessing = 0;
		};
		490E1EBD21637C9E006BA702 /* Resources */ = {
			isa = PBXResourcesBuildPhase;
			buildActionMask = 2147483647;
			files = (
			);
			runOnlyForDeploymentPostprocessing = 0;
		};
		490E1F2821675B2F006BA702 /* Resources */ = {
			isa = PBXResourcesBuildPhase;
			buildActionMask = 2147483647;
			files = (
				490E1F5921676187006BA702 /* 13161.kitab in Resources */,
				490E1F3721675B31006BA702 /* LaunchScreen.storyboard in Resources */,
				490E1F3421675B31006BA702 /* Assets.xcassets in Resources */,
				490E1F9D21676452006BA702 /* Info.plist in Resources */,
				490E1FA021676729006BA702 /* booksList.kitab in Resources */,
				490E1F3221675B2F006BA702 /* Main.storyboard in Resources */,
			);
			runOnlyForDeploymentPostprocessing = 0;
		};
		490E1F3B21675B31006BA702 /* Resources */ = {
			isa = PBXResourcesBuildPhase;
			buildActionMask = 2147483647;
			files = (
			);
			runOnlyForDeploymentPostprocessing = 0;
		};
		490E1F4621675B32006BA702 /* Resources */ = {
			isa = PBXResourcesBuildPhase;
			buildActionMask = 2147483647;
			files = (
			);
			runOnlyForDeploymentPostprocessing = 0;
		};
/* End PBXResourcesBuildPhase section */

/* Begin PBXSourcesBuildPhase section */
		490E1E9E21637C9D006BA702 /* Sources */ = {
			isa = PBXSourcesBuildPhase;
			buildActionMask = 2147483647;
			files = (
				490E1EFD21637CC0006BA702 /* Statement.swift in Sources */,
				490E1F0B21637CC0006BA702 /* DateAndTimeFunctions.swift in Sources */,
				490E1EA821637C9D006BA702 /* ViewController.swift in Sources */,
				490E1F1321637CC0006BA702 /* MNNass.swift in Sources */,
				490E1F0421637CC0006BA702 /* Foundation.swift in Sources */,
				490E1F1221637CC0006BA702 /* MNFile.swift in Sources */,
				490E1F252164C810006BA702 /* MNShamelaBook.swift in Sources */,
				490E1F0621637CC0006BA702 /* Coding.swift in Sources */,
				490E1F0721637CC0006BA702 /* Expression.swift in Sources */,
				490E1EFA21637CC0006BA702 /* Connection.swift in Sources */,
				490E1EFB21637CC0006BA702 /* Blob.swift in Sources */,
				490E1EFF21637CC0006BA702 /* Helpers.swift in Sources */,
				4946A2762168F40C00AD617A /* MNKitab.swift in Sources */,
				490E1F0A21637CC0006BA702 /* CustomFunctions.swift in Sources */,
				490E1F1521637D40006BA702 /* MNSafha.swift in Sources */,
				4946A27C2168FCC900AD617A /* MNImport.swift in Sources */,
				490E1EF821637CC0006BA702 /* SQLite-Bridging.m in Sources */,
				490E1F0021637CC0006BA702 /* Cipher.swift in Sources */,
				490E1EFC21637CC0006BA702 /* Errors.swift in Sources */,
				490E1F0121637CC0006BA702 /* RTree.swift in Sources */,
				490E1F0C21637CC0006BA702 /* Setter.swift in Sources */,
				490E1F1F2164B3FD006BA702 /* MNSijil.swift in Sources */,
				490E1EF921637CC0006BA702 /* MNDatabase.swift in Sources */,
				490E1F212164B419006BA702 /* MNJadwal.swift in Sources */,
				490E1F1D2164B0B0006BA702 /* MNKit3a.swift in Sources */,
				490E1F0D21637CC0006BA702 /* Operators.swift in Sources */,
				490E1EFE21637CC0006BA702 /* Value.swift in Sources */,
				490E1F0321637CC0006BA702 /* FTS5.swift in Sources */,
				490E1F0F21637CC0006BA702 /* AggregateFunctions.swift in Sources */,
				4946A2792168F82100AD617A /* MNDBKitab.swift in Sources */,
				490E1EA621637C9D006BA702 /* AppDelegate.swift in Sources */,
				490E1F0E21637CC0006BA702 /* Schema.swift in Sources */,
				490E1F0921637CC0006BA702 /* Collation.swift in Sources */,
				490E1F232164C407006BA702 /* MNLafda.swift in Sources */,
				490E1F1B2163B837006BA702 /* MNUI.swift in Sources */,
				490E1F1121637CC0006BA702 /* ArabiaThawabit.swift in Sources */,
				490E1F0821637CC0006BA702 /* CoreFunctions.swift in Sources */,
				490E1F0221637CC0006BA702 /* FTS4.swift in Sources */,
				490E1F0521637CC0006BA702 /* Query.swift in Sources */,
				490E1EF721637CC0006BA702 /* MNKalima.swift in Sources */,
			);
			runOnlyForDeploymentPostprocessing = 0;
		};
		490E1EB021637C9E006BA702 /* Sources */ = {
			isa = PBXSourcesBuildPhase;
			buildActionMask = 2147483647;
			files = (
				490E1EB921637C9E006BA702 /* alkotobiTests.swift in Sources */,
			);
			runOnlyForDeploymentPostprocessing = 0;
		};
		490E1EBB21637C9E006BA702 /* Sources */ = {
			isa = PBXSourcesBuildPhase;
			buildActionMask = 2147483647;
			files = (
				490E1EC421637C9E006BA702 /* alkotobiUITests.swift in Sources */,
			);
			runOnlyForDeploymentPostprocessing = 0;
		};
		490E1F2621675B2F006BA702 /* Sources */ = {
			isa = PBXSourcesBuildPhase;
			buildActionMask = 2147483647;
			files = (
				490E1F8F21676452006BA702 /* FTS4.swift in Sources */,
				490E1F642167630E006BA702 /* MNSafha.swift in Sources */,
				490E1F9421676452006BA702 /* Expression.swift in Sources */,
				4946A2772168F40C00AD617A /* MNKitab.swift in Sources */,
				490E1F8C21676452006BA702 /* Helpers.swift in Sources */,
				490E1F8D21676452006BA702 /* Cipher.swift in Sources */,
				490E1F9E21676452006BA702 /* SQLite-Bridging.m in Sources */,
				490E1F652167630E006BA702 /* MNNass.swift in Sources */,
				490E1F9221676452006BA702 /* Query.swift in Sources */,
				490E1F622167630E006BA702 /* MNSijil.swift in Sources */,
				490E1F2F21675B2F006BA702 /* ViewController.swift in Sources */,
				490E1F8921676452006BA702 /* Errors.swift in Sources */,
				490E1F8B21676452006BA702 /* Value.swift in Sources */,
				490E1F5A21676306006BA702 /* MNFile.swift in Sources */,
				490E1F9B21676452006BA702 /* Schema.swift in Sources */,
				490E1F2D21675B2F006BA702 /* AppDelegate.swift in Sources */,
				490E1F612167630E006BA702 /* MNJadwal.swift in Sources */,
				490E1F602167630E006BA702 /* MNKit3a.swift in Sources */,
				490E1F5F2167630E006BA702 /* MNLafda.swift in Sources */,
				490E1F8E21676452006BA702 /* RTree.swift in Sources */,
				490E1F9A21676452006BA702 /* Operators.swift in Sources */,
				490E1F9621676452006BA702 /* Collation.swift in Sources */,
				490E1F5D2167630E006BA702 /* MNDatabase.swift in Sources */,
				490E1F8A21676452006BA702 /* Statement.swift in Sources */,
				490E1F5E2167630E006BA702 /* MNKalima.swift in Sources */,
				490E1F9821676452006BA702 /* DateAndTimeFunctions.swift in Sources */,
				490E1F9121676452006BA702 /* Foundation.swift in Sources */,
				4946A27D2168FCC900AD617A /* MNImport.swift in Sources */,
				490E1F9721676452006BA702 /* CustomFunctions.swift in Sources */,
				490E1F5C2167630E006BA702 /* ArabiaThawabit.swift in Sources */,
				490E1F8821676452006BA702 /* Blob.swift in Sources */,
				490E1F5B2167630E006BA702 /* MNShamelaBook.swift in Sources */,
				490E1F9521676452006BA702 /* CoreFunctions.swift in Sources */,
				4946A27A2168F82100AD617A /* MNDBKitab.swift in Sources */,
				490E1F9021676452006BA702 /* FTS5.swift in Sources */,
				490E1F8721676452006BA702 /* Connection.swift in Sources */,
				490E1F9921676452006BA702 /* Setter.swift in Sources */,
				490E1F9321676452006BA702 /* Coding.swift in Sources */,
				490E1F9C21676452006BA702 /* AggregateFunctions.swift in Sources */,
			);
			runOnlyForDeploymentPostprocessing = 0;
		};
		490E1F3921675B31006BA702 /* Sources */ = {
			isa = PBXSourcesBuildPhase;
			buildActionMask = 2147483647;
			files = (
				490E1F4221675B32006BA702 /* kitabiTests.swift in Sources */,
			);
			runOnlyForDeploymentPostprocessing = 0;
		};
		490E1F4421675B32006BA702 /* Sources */ = {
			isa = PBXSourcesBuildPhase;
			buildActionMask = 2147483647;
			files = (
				490E1F4D21675B32006BA702 /* kitabiUITests.swift in Sources */,
			);
			runOnlyForDeploymentPostprocessing = 0;
		};
/* End PBXSourcesBuildPhase section */

/* Begin PBXTargetDependency section */
		490E1EB621637C9E006BA702 /* PBXTargetDependency */ = {
			isa = PBXTargetDependency;
			target = 490E1EA121637C9D006BA702 /* alkotobi */;
			targetProxy = 490E1EB521637C9E006BA702 /* PBXContainerItemProxy */;
		};
		490E1EC121637C9E006BA702 /* PBXTargetDependency */ = {
			isa = PBXTargetDependency;
			target = 490E1EA121637C9D006BA702 /* alkotobi */;
			targetProxy = 490E1EC021637C9E006BA702 /* PBXContainerItemProxy */;
		};
		490E1F3F21675B31006BA702 /* PBXTargetDependency */ = {
			isa = PBXTargetDependency;
			target = 490E1F2921675B2F006BA702 /* kitabi */;
			targetProxy = 490E1F3E21675B31006BA702 /* PBXContainerItemProxy */;
		};
		490E1F4A21675B32006BA702 /* PBXTargetDependency */ = {
			isa = PBXTargetDependency;
			target = 490E1F2921675B2F006BA702 /* kitabi */;
			targetProxy = 490E1F4921675B32006BA702 /* PBXContainerItemProxy */;
		};
/* End PBXTargetDependency section */

/* Begin PBXVariantGroup section */
		490E1EAB21637C9E006BA702 /* Main.storyboard */ = {
			isa = PBXVariantGroup;
			children = (
				490E1EAC21637C9E006BA702 /* Base */,
			);
			name = Main.storyboard;
			sourceTree = "<group>";
		};
		490E1F3021675B2F006BA702 /* Main.storyboard */ = {
			isa = PBXVariantGroup;
			children = (
				490E1F3121675B2F006BA702 /* Base */,
			);
			name = Main.storyboard;
			sourceTree = "<group>";
		};
		490E1F3521675B31006BA702 /* LaunchScreen.storyboard */ = {
			isa = PBXVariantGroup;
			children = (
				490E1F3621675B31006BA702 /* Base */,
			);
			name = LaunchScreen.storyboard;
			sourceTree = "<group>";
		};
/* End PBXVariantGroup section */

/* Begin XCBuildConfiguration section */
		490E1EC621637C9E006BA702 /* Debug */ = {
			isa = XCBuildConfiguration;
			buildSettings = {
				ALWAYS_SEARCH_USER_PATHS = NO;
				CLANG_ANALYZER_NONNULL = YES;
				CLANG_ANALYZER_NUMBER_OBJECT_CONVERSION = YES_AGGRESSIVE;
				CLANG_CXX_LANGUAGE_STANDARD = "gnu++14";
				CLANG_CXX_LIBRARY = "libc++";
				CLANG_ENABLE_MODULES = YES;
				CLANG_ENABLE_OBJC_ARC = YES;
				CLANG_ENABLE_OBJC_WEAK = YES;
				CLANG_WARN_BLOCK_CAPTURE_AUTORELEASING = YES;
				CLANG_WARN_BOOL_CONVERSION = YES;
				CLANG_WARN_COMMA = YES;
				CLANG_WARN_CONSTANT_CONVERSION = YES;
				CLANG_WARN_DEPRECATED_OBJC_IMPLEMENTATIONS = YES;
				CLANG_WARN_DIRECT_OBJC_ISA_USAGE = YES_ERROR;
				CLANG_WARN_DOCUMENTATION_COMMENTS = YES;
				CLANG_WARN_EMPTY_BODY = YES;
				CLANG_WARN_ENUM_CONVERSION = YES;
				CLANG_WARN_INFINITE_RECURSION = YES;
				CLANG_WARN_INT_CONVERSION = YES;
				CLANG_WARN_NON_LITERAL_NULL_CONVERSION = YES;
				CLANG_WARN_OBJC_IMPLICIT_RETAIN_SELF = YES;
				CLANG_WARN_OBJC_LITERAL_CONVERSION = YES;
				CLANG_WARN_OBJC_ROOT_CLASS = YES_ERROR;
				CLANG_WARN_RANGE_LOOP_ANALYSIS = YES;
				CLANG_WARN_STRICT_PROTOTYPES = YES;
				CLANG_WARN_SUSPICIOUS_MOVE = YES;
				CLANG_WARN_UNGUARDED_AVAILABILITY = YES_AGGRESSIVE;
				CLANG_WARN_UNREACHABLE_CODE = YES;
				CLANG_WARN__DUPLICATE_METHOD_MATCH = YES;
				CODE_SIGN_IDENTITY = "-";
				COPY_PHASE_STRIP = NO;
				DEBUG_INFORMATION_FORMAT = dwarf;
				ENABLE_STRICT_OBJC_MSGSEND = YES;
				ENABLE_TESTABILITY = YES;
				GCC_C_LANGUAGE_STANDARD = gnu11;
				GCC_DYNAMIC_NO_PIC = NO;
				GCC_NO_COMMON_BLOCKS = YES;
				GCC_OPTIMIZATION_LEVEL = 0;
				GCC_PREPROCESSOR_DEFINITIONS = (
					"DEBUG=1",
					"$(inherited)",
				);
				GCC_WARN_64_TO_32_BIT_CONVERSION = YES;
				GCC_WARN_ABOUT_RETURN_TYPE = YES_ERROR;
				GCC_WARN_UNDECLARED_SELECTOR = YES;
				GCC_WARN_UNINITIALIZED_AUTOS = YES_AGGRESSIVE;
				GCC_WARN_UNUSED_FUNCTION = YES;
				GCC_WARN_UNUSED_VARIABLE = YES;
				MACOSX_DEPLOYMENT_TARGET = 10.13;
				MTL_ENABLE_DEBUG_INFO = YES;
				ONLY_ACTIVE_ARCH = YES;
				SDKROOT = macosx;
				SWIFT_ACTIVE_COMPILATION_CONDITIONS = DEBUG;
				SWIFT_OPTIMIZATION_LEVEL = "-Onone";
			};
			name = Debug;
		};
		490E1EC721637C9E006BA702 /* Release */ = {
			isa = XCBuildConfiguration;
			buildSettings = {
				ALWAYS_SEARCH_USER_PATHS = NO;
				CLANG_ANALYZER_NONNULL = YES;
				CLANG_ANALYZER_NUMBER_OBJECT_CONVERSION = YES_AGGRESSIVE;
				CLANG_CXX_LANGUAGE_STANDARD = "gnu++14";
				CLANG_CXX_LIBRARY = "libc++";
				CLANG_ENABLE_MODULES = YES;
				CLANG_ENABLE_OBJC_ARC = YES;
				CLANG_ENABLE_OBJC_WEAK = YES;
				CLANG_WARN_BLOCK_CAPTURE_AUTORELEASING = YES;
				CLANG_WARN_BOOL_CONVERSION = YES;
				CLANG_WARN_COMMA = YES;
				CLANG_WARN_CONSTANT_CONVERSION = YES;
				CLANG_WARN_DEPRECATED_OBJC_IMPLEMENTATIONS = YES;
				CLANG_WARN_DIRECT_OBJC_ISA_USAGE = YES_ERROR;
				CLANG_WARN_DOCUMENTATION_COMMENTS = YES;
				CLANG_WARN_EMPTY_BODY = YES;
				CLANG_WARN_ENUM_CONVERSION = YES;
				CLANG_WARN_INFINITE_RECURSION = YES;
				CLANG_WARN_INT_CONVERSION = YES;
				CLANG_WARN_NON_LITERAL_NULL_CONVERSION = YES;
				CLANG_WARN_OBJC_IMPLICIT_RETAIN_SELF = YES;
				CLANG_WARN_OBJC_LITERAL_CONVERSION = YES;
				CLANG_WARN_OBJC_ROOT_CLASS = YES_ERROR;
				CLANG_WARN_RANGE_LOOP_ANALYSIS = YES;
				CLANG_WARN_STRICT_PROTOTYPES = YES;
				CLANG_WARN_SUSPICIOUS_MOVE = YES;
				CLANG_WARN_UNGUARDED_AVAILABILITY = YES_AGGRESSIVE;
				CLANG_WARN_UNREACHABLE_CODE = YES;
				CLANG_WARN__DUPLICATE_METHOD_MATCH = YES;
				CODE_SIGN_IDENTITY = "-";
				COPY_PHASE_STRIP = NO;
				DEBUG_INFORMATION_FORMAT = "dwarf-with-dsym";
				ENABLE_NS_ASSERTIONS = NO;
				ENABLE_STRICT_OBJC_MSGSEND = YES;
				GCC_C_LANGUAGE_STANDARD = gnu11;
				GCC_NO_COMMON_BLOCKS = YES;
				GCC_WARN_64_TO_32_BIT_CONVERSION = YES;
				GCC_WARN_ABOUT_RETURN_TYPE = YES_ERROR;
				GCC_WARN_UNDECLARED_SELECTOR = YES;
				GCC_WARN_UNINITIALIZED_AUTOS = YES_AGGRESSIVE;
				GCC_WARN_UNUSED_FUNCTION = YES;
				GCC_WARN_UNUSED_VARIABLE = YES;
				MACOSX_DEPLOYMENT_TARGET = 10.13;
				MTL_ENABLE_DEBUG_INFO = NO;
				SDKROOT = macosx;
				SWIFT_COMPILATION_MODE = wholemodule;
				SWIFT_OPTIMIZATION_LEVEL = "-O";
			};
			name = Release;
		};
		490E1EC921637C9E006BA702 /* Debug */ = {
			isa = XCBuildConfiguration;
			buildSettings = {
				ASSETCATALOG_COMPILER_APPICON_NAME = AppIcon;
				CODE_SIGN_STYLE = Automatic;
				COMBINE_HIDPI_IMAGES = YES;
				INFOPLIST_FILE = alkotobi/Info.plist;
				LD_RUNPATH_SEARCH_PATHS = (
					"$(inherited)",
					"@executable_path/../Frameworks",
				);
				PRODUCT_BUNDLE_IDENTIFIER = com.merhab.alkotobi;
				PRODUCT_NAME = "$(TARGET_NAME)";
				SWIFT_VERSION = 4.0;
			};
			name = Debug;
		};
		490E1ECA21637C9E006BA702 /* Release */ = {
			isa = XCBuildConfiguration;
			buildSettings = {
				ASSETCATALOG_COMPILER_APPICON_NAME = AppIcon;
				CODE_SIGN_STYLE = Automatic;
				COMBINE_HIDPI_IMAGES = YES;
				INFOPLIST_FILE = alkotobi/Info.plist;
				LD_RUNPATH_SEARCH_PATHS = (
					"$(inherited)",
					"@executable_path/../Frameworks",
				);
				PRODUCT_BUNDLE_IDENTIFIER = com.merhab.alkotobi;
				PRODUCT_NAME = "$(TARGET_NAME)";
				SWIFT_VERSION = 4.0;
			};
			name = Release;
		};
		490E1ECC21637C9E006BA702 /* Debug */ = {
			isa = XCBuildConfiguration;
			buildSettings = {
				ALWAYS_EMBED_SWIFT_STANDARD_LIBRARIES = YES;
				BUNDLE_LOADER = "$(TEST_HOST)";
				CODE_SIGN_STYLE = Automatic;
				COMBINE_HIDPI_IMAGES = YES;
				INFOPLIST_FILE = alkotobiTests/Info.plist;
				LD_RUNPATH_SEARCH_PATHS = (
					"$(inherited)",
					"@executable_path/../Frameworks",
					"@loader_path/../Frameworks",
				);
				PRODUCT_BUNDLE_IDENTIFIER = com.merhab.alkotobiTests;
				PRODUCT_NAME = "$(TARGET_NAME)";
				SWIFT_VERSION = 4.0;
				TEST_HOST = "$(BUILT_PRODUCTS_DIR)/alkotobi.app/Contents/MacOS/alkotobi";
			};
			name = Debug;
		};
		490E1ECD21637C9E006BA702 /* Release */ = {
			isa = XCBuildConfiguration;
			buildSettings = {
				ALWAYS_EMBED_SWIFT_STANDARD_LIBRARIES = YES;
				BUNDLE_LOADER = "$(TEST_HOST)";
				CODE_SIGN_STYLE = Automatic;
				COMBINE_HIDPI_IMAGES = YES;
				INFOPLIST_FILE = alkotobiTests/Info.plist;
				LD_RUNPATH_SEARCH_PATHS = (
					"$(inherited)",
					"@executable_path/../Frameworks",
					"@loader_path/../Frameworks",
				);
				PRODUCT_BUNDLE_IDENTIFIER = com.merhab.alkotobiTests;
				PRODUCT_NAME = "$(TARGET_NAME)";
				SWIFT_VERSION = 4.0;
				TEST_HOST = "$(BUILT_PRODUCTS_DIR)/alkotobi.app/Contents/MacOS/alkotobi";
			};
			name = Release;
		};
		490E1ECF21637C9E006BA702 /* Debug */ = {
			isa = XCBuildConfiguration;
			buildSettings = {
				ALWAYS_EMBED_SWIFT_STANDARD_LIBRARIES = YES;
				CODE_SIGN_STYLE = Automatic;
				COMBINE_HIDPI_IMAGES = YES;
				INFOPLIST_FILE = alkotobiUITests/Info.plist;
				LD_RUNPATH_SEARCH_PATHS = (
					"$(inherited)",
					"@executable_path/../Frameworks",
					"@loader_path/../Frameworks",
				);
				PRODUCT_BUNDLE_IDENTIFIER = com.merhab.alkotobiUITests;
				PRODUCT_NAME = "$(TARGET_NAME)";
				SWIFT_VERSION = 4.0;
				TEST_TARGET_NAME = alkotobi;
			};
			name = Debug;
		};
		490E1ED021637C9E006BA702 /* Release */ = {
			isa = XCBuildConfiguration;
			buildSettings = {
				ALWAYS_EMBED_SWIFT_STANDARD_LIBRARIES = YES;
				CODE_SIGN_STYLE = Automatic;
				COMBINE_HIDPI_IMAGES = YES;
				INFOPLIST_FILE = alkotobiUITests/Info.plist;
				LD_RUNPATH_SEARCH_PATHS = (
					"$(inherited)",
					"@executable_path/../Frameworks",
					"@loader_path/../Frameworks",
				);
				PRODUCT_BUNDLE_IDENTIFIER = com.merhab.alkotobiUITests;
				PRODUCT_NAME = "$(TARGET_NAME)";
				SWIFT_VERSION = 4.0;
				TEST_TARGET_NAME = alkotobi;
			};
			name = Release;
		};
		490E1F5021675B32006BA702 /* Debug */ = {
			isa = XCBuildConfiguration;
			buildSettings = {
				ASSETCATALOG_COMPILER_APPICON_NAME = AppIcon;
				CODE_SIGN_IDENTITY = "iPhone Developer";
				CODE_SIGN_STYLE = Automatic;
				DEVELOPMENT_TEAM = TSK3U7V2QW;
				INFOPLIST_FILE = kitabi/Info.plist;
				IPHONEOS_DEPLOYMENT_TARGET = 11.4;
				LD_RUNPATH_SEARCH_PATHS = (
					"$(inherited)",
					"@executable_path/Frameworks",
				);
				PRODUCT_BUNDLE_IDENTIFIER = com.merhab.kitabi;
				PRODUCT_NAME = "$(TARGET_NAME)";
				SDKROOT = iphoneos;
				SWIFT_VERSION = 4.0;
				TARGETED_DEVICE_FAMILY = "1,2";
			};
			name = Debug;
		};
		490E1F5121675B32006BA702 /* Release */ = {
			isa = XCBuildConfiguration;
			buildSettings = {
				ASSETCATALOG_COMPILER_APPICON_NAME = AppIcon;
				CODE_SIGN_IDENTITY = "iPhone Developer";
				CODE_SIGN_STYLE = Automatic;
				DEVELOPMENT_TEAM = TSK3U7V2QW;
				INFOPLIST_FILE = kitabi/Info.plist;
				IPHONEOS_DEPLOYMENT_TARGET = 11.4;
				LD_RUNPATH_SEARCH_PATHS = (
					"$(inherited)",
					"@executable_path/Frameworks",
				);
				PRODUCT_BUNDLE_IDENTIFIER = com.merhab.kitabi;
				PRODUCT_NAME = "$(TARGET_NAME)";
				SDKROOT = iphoneos;
				SWIFT_VERSION = 4.0;
				TARGETED_DEVICE_FAMILY = "1,2";
				VALIDATE_PRODUCT = YES;
			};
			name = Release;
		};
		490E1F5321675B32006BA702 /* Debug */ = {
			isa = XCBuildConfiguration;
			buildSettings = {
				ALWAYS_EMBED_SWIFT_STANDARD_LIBRARIES = YES;
				BUNDLE_LOADER = "$(TEST_HOST)";
				CODE_SIGN_IDENTITY = "iPhone Developer";
				CODE_SIGN_STYLE = Automatic;
				DEVELOPMENT_TEAM = TSK3U7V2QW;
				INFOPLIST_FILE = kitabiTests/Info.plist;
				IPHONEOS_DEPLOYMENT_TARGET = 11.4;
				LD_RUNPATH_SEARCH_PATHS = (
					"$(inherited)",
					"@executable_path/Frameworks",
					"@loader_path/Frameworks",
				);
				PRODUCT_BUNDLE_IDENTIFIER = com.merhab.kitabiTests;
				PRODUCT_NAME = "$(TARGET_NAME)";
				SDKROOT = iphoneos;
				SWIFT_VERSION = 4.0;
				TARGETED_DEVICE_FAMILY = "1,2";
				TEST_HOST = "$(BUILT_PRODUCTS_DIR)/kitabi.app/kitabi";
			};
			name = Debug;
		};
		490E1F5421675B32006BA702 /* Release */ = {
			isa = XCBuildConfiguration;
			buildSettings = {
				ALWAYS_EMBED_SWIFT_STANDARD_LIBRARIES = YES;
				BUNDLE_LOADER = "$(TEST_HOST)";
				CODE_SIGN_IDENTITY = "iPhone Developer";
				CODE_SIGN_STYLE = Automatic;
				DEVELOPMENT_TEAM = TSK3U7V2QW;
				INFOPLIST_FILE = kitabiTests/Info.plist;
				IPHONEOS_DEPLOYMENT_TARGET = 11.4;
				LD_RUNPATH_SEARCH_PATHS = (
					"$(inherited)",
					"@executable_path/Frameworks",
					"@loader_path/Frameworks",
				);
				PRODUCT_BUNDLE_IDENTIFIER = com.merhab.kitabiTests;
				PRODUCT_NAME = "$(TARGET_NAME)";
				SDKROOT = iphoneos;
				SWIFT_VERSION = 4.0;
				TARGETED_DEVICE_FAMILY = "1,2";
				TEST_HOST = "$(BUILT_PRODUCTS_DIR)/kitabi.app/kitabi";
				VALIDATE_PRODUCT = YES;
			};
			name = Release;
		};
		490E1F5621675B32006BA702 /* Debug */ = {
			isa = XCBuildConfiguration;
			buildSettings = {
				ALWAYS_EMBED_SWIFT_STANDARD_LIBRARIES = YES;
				CODE_SIGN_IDENTITY = "iPhone Developer";
				CODE_SIGN_STYLE = Automatic;
				DEVELOPMENT_TEAM = TSK3U7V2QW;
				INFOPLIST_FILE = kitabiUITests/Info.plist;
				IPHONEOS_DEPLOYMENT_TARGET = 11.4;
				LD_RUNPATH_SEARCH_PATHS = (
					"$(inherited)",
					"@executable_path/Frameworks",
					"@loader_path/Frameworks",
				);
				PRODUCT_BUNDLE_IDENTIFIER = com.merhab.kitabiUITests;
				PRODUCT_NAME = "$(TARGET_NAME)";
				SDKROOT = iphoneos;
				SWIFT_VERSION = 4.0;
				TARGETED_DEVICE_FAMILY = "1,2";
				TEST_TARGET_NAME = kitabi;
			};
			name = Debug;
		};
		490E1F5721675B32006BA702 /* Release */ = {
			isa = XCBuildConfiguration;
			buildSettings = {
				ALWAYS_EMBED_SWIFT_STANDARD_LIBRARIES = YES;
				CODE_SIGN_IDENTITY = "iPhone Developer";
				CODE_SIGN_STYLE = Automatic;
				DEVELOPMENT_TEAM = TSK3U7V2QW;
				INFOPLIST_FILE = kitabiUITests/Info.plist;
				IPHONEOS_DEPLOYMENT_TARGET = 11.4;
				LD_RUNPATH_SEARCH_PATHS = (
					"$(inherited)",
					"@executable_path/Frameworks",
					"@loader_path/Frameworks",
				);
				PRODUCT_BUNDLE_IDENTIFIER = com.merhab.kitabiUITests;
				PRODUCT_NAME = "$(TARGET_NAME)";
				SDKROOT = iphoneos;
				SWIFT_VERSION = 4.0;
				TARGETED_DEVICE_FAMILY = "1,2";
				TEST_TARGET_NAME = kitabi;
				VALIDATE_PRODUCT = YES;
			};
			name = Release;
		};
/* End XCBuildConfiguration section */

/* Begin XCConfigurationList section */
		490E1E9D21637C9D006BA702 /* Build configuration list for PBXProject "alkotobi" */ = {
			isa = XCConfigurationList;
			buildConfigurations = (
				490E1EC621637C9E006BA702 /* Debug */,
				490E1EC721637C9E006BA702 /* Release */,
			);
			defaultConfigurationIsVisible = 0;
			defaultConfigurationName = Release;
		};
		490E1EC821637C9E006BA702 /* Build configuration list for PBXNativeTarget "alkotobi" */ = {
			isa = XCConfigurationList;
			buildConfigurations = (
				490E1EC921637C9E006BA702 /* Debug */,
				490E1ECA21637C9E006BA702 /* Release */,
			);
			defaultConfigurationIsVisible = 0;
			defaultConfigurationName = Release;
		};
		490E1ECB21637C9E006BA702 /* Build configuration list for PBXNativeTarget "alkotobiTests" */ = {
			isa = XCConfigurationList;
			buildConfigurations = (
				490E1ECC21637C9E006BA702 /* Debug */,
				490E1ECD21637C9E006BA702 /* Release */,
			);
			defaultConfigurationIsVisible = 0;
			defaultConfigurationName = Release;
		};
		490E1ECE21637C9E006BA702 /* Build configuration list for PBXNativeTarget "alkotobiUITests" */ = {
			isa = XCConfigurationList;
			buildConfigurations = (
				490E1ECF21637C9E006BA702 /* Debug */,
				490E1ED021637C9E006BA702 /* Release */,
			);
			defaultConfigurationIsVisible = 0;
			defaultConfigurationName = Release;
		};
		490E1F4F21675B32006BA702 /* Build configuration list for PBXNativeTarget "kitabi" */ = {
			isa = XCConfigurationList;
			buildConfigurations = (
				490E1F5021675B32006BA702 /* Debug */,
				490E1F5121675B32006BA702 /* Release */,
			);
			defaultConfigurationIsVisible = 0;
			defaultConfigurationName = Release;
		};
		490E1F5221675B32006BA702 /* Build configuration list for PBXNativeTarget "kitabiTests" */ = {
			isa = XCConfigurationList;
			buildConfigurations = (
				490E1F5321675B32006BA702 /* Debug */,
				490E1F5421675B32006BA702 /* Release */,
			);
			defaultConfigurationIsVisible = 0;
			defaultConfigurationName = Release;
		};
		490E1F5521675B32006BA702 /* Build configuration list for PBXNativeTarget "kitabiUITests" */ = {
			isa = XCConfigurationList;
			buildConfigurations = (
				490E1F5621675B32006BA702 /* Debug */,
				490E1F5721675B32006BA702 /* Release */,
			);
			defaultConfigurationIsVisible = 0;
			defaultConfigurationName = Release;
		};
/* End XCConfigurationList section */
	};
	rootObject = 490E1E9A21637C9D006BA702 /* Project object */;
}
